{
  "name": "typescript-support-for-productify-development",
  "version": "1.0.0",
  "lockfileVersion": 1,
  "requires": true,
  "dependencies": {
    "@types/chrome": {
      "version": "0.0.75",
      "resolved": "https://registry.npmjs.org/@types/chrome/-/chrome-0.0.75.tgz",
      "integrity": "sha512-wfy/8egkLkznDD8zcimbqJBvBoJrmSr0mcptnnVdi5MbzKidlLr7DiRoYVPHIGKdMVlv1kaGIQ8l+RD3moy89A==",
      "requires": {
        "@types/filesystem": "*"
      }
    },
    "@types/filesystem": {
      "version": "0.0.29",
      "resolved": "https://registry.npmjs.org/@types/filesystem/-/filesystem-0.0.29.tgz",
      "integrity": "sha512-85/1KfRedmfPGsbK8YzeaQUyV1FQAvMPMTuWFQ5EkLd2w7szhNO96bk3Rh/SKmOfd9co2rCLf0Voy4o7ECBOvw==",
      "requires": {
        "@types/filewriter": "*"
      }
    },
    "@types/filewriter": {
      "version": "0.0.28",
      "resolved": "http://registry.npmjs.org/@types/filewriter/-/filewriter-0.0.28.tgz",
      "integrity": "sha1-wFTor02d11205jq8dviFFocU1LM="
    },
    "@types/jquery": {
      "version": "3.3.22",
      "resolved": "https://registry.npmjs.org/@types/jquery/-/jquery-3.3.22.tgz",
      "integrity": "sha512-a4JDcIhJhHYnoWCkG3xT2CZxXZeA92JeREESorg0DMQ3ZsjuKF48h7XK4l5Gl2GRa/ItGRpKMT0pyK88yRgqXQ==",
      "requires": {
        "@types/sizzle": "*"
      }
    },
    "@types/node": {
      "version": "10.12.6",
      "resolved": "https://registry.npmjs.org/@types/node/-/node-10.12.6.tgz",
      "integrity": "sha512-+ZWB5Ec1iki99xQFzBlivlKxSZQ+fuUKBott8StBOnLN4dWbRHlgdg1XknpW6g0tweniN5DcOqA64CJyOUPSAw=="
    },
    "@types/sizzle": {
      "version": "2.3.2",
      "resolved": "https://registry.npmjs.org/@types/sizzle/-/sizzle-2.3.2.tgz",
      "integrity": "sha512-7EJYyKTL7tFR8+gDbB6Wwz/arpGa0Mywk1TJbNzKzHtzbwVmY4HR9WqS5VV7dsBUKQmPNr192jHr/VpBluj/hg=="
    },
    "@types/socket.io": {
      "version": "2.1.0",
      "resolved": "https://registry.npmjs.org/@types/socket.io/-/socket.io-2.1.0.tgz",
      "integrity": "sha512-G91c236+S/+Xg2vR53/7ypFvbJ7l8m4GcKZ/at0zp9HpOIwiStpgwq3xSW4aRsSrejPjot0EOavispbSnIaUmg==",
      "requires": {
        "@types/node": "*"
      }
    },
    "@types/socket.io-client": {
      "version": "1.4.32",
      "resolved": "https://registry.npmjs.org/@types/socket.io-client/-/socket.io-client-1.4.32.tgz",
      "integrity": "sha512-Vs55Kq8F+OWvy1RLA31rT+cAyemzgm0EWNeax6BWF8H7QiiOYMJIdcwSDdm5LVgfEkoepsWkS+40+WNb7BUMbg=="
    }
  }
}
